// !$*UTF8*$!
{
	archiveVersion = 1;
	classes = {
	};
	objectVersion = 48;
	objects = {

/* Begin PBXBuildFile section */
		39444E7C1FD1AEF00057733B /* AppDelegate.swift in Sources */ = {isa = PBXBuildFile; fileRef = 39444E7B1FD1AEF00057733B /* AppDelegate.swift */; };
		39444E7E1FD1AEF00057733B /* ViewController.swift in Sources */ = {isa = PBXBuildFile; fileRef = 39444E7D1FD1AEF00057733B /* ViewController.swift */; };
		39444E811FD1AEF00057733B /* Main.storyboard in Resources */ = {isa = PBXBuildFile; fileRef = 39444E7F1FD1AEF00057733B /* Main.storyboard */; };
		39444E831FD1AEF00057733B /* Assets.xcassets in Resources */ = {isa = PBXBuildFile; fileRef = 39444E821FD1AEF00057733B /* Assets.xcassets */; };
		39444E861FD1AEF00057733B /* LaunchScreen.storyboard in Resources */ = {isa = PBXBuildFile; fileRef = 39444E841FD1AEF00057733B /* LaunchScreen.storyboard */; };
		39444E911FD1AEF10057733B /* JSONTestTests.swift in Sources */ = {isa = PBXBuildFile; fileRef = 39444E901FD1AEF10057733B /* JSONTestTests.swift */; };
		39444E9C1FD1AEF10057733B /* JSONTestUITests.swift in Sources */ = {isa = PBXBuildFile; fileRef = 39444E9B1FD1AEF10057733B /* JSONTestUITests.swift */; };
/* End PBXBuildFile section */

/* Begin PBXContainerItemProxy section */
		39444E8D1FD1AEF10057733B /* PBXContainerItemProxy */ = {
			isa = PBXContainerItemProxy;
			containerPortal = 39444E701FD1AEF00057733B /* Project object */;
			proxyType = 1;
			remoteGlobalIDString = 39444E771FD1AEF00057733B;
			remoteInfo = JSONTest;
		};
		39444E981FD1AEF10057733B /* PBXContainerItemProxy */ = {
			isa = PBXContainerItemProxy;
			containerPortal = 39444E701FD1AEF00057733B /* Project object */;
			proxyType = 1;
			remoteGlobalIDString = 39444E771FD1AEF00057733B;
			remoteInfo = JSONTest;
		};
/* End PBXContainerItemProxy section */

/* Begin PBXFileReference section */
		39444E781FD1AEF00057733B /* JSONTest.app */ = {isa = PBXFileReference; explicitFileType = wrapper.application; includeInIndex = 0; path = JSONTest.app; sourceTree = BUILT_PRODUCTS_DIR; };
		39444E7B1FD1AEF00057733B /* AppDelegate.swift */ = {isa = PBXFileReference; lastKnownFileType = sourcecode.swift; path = AppDelegate.swift; sourceTree = "<group>"; };
		39444E7D1FD1AEF00057733B /* ViewController.swift */ = {isa = PBXFileReference; lastKnownFileType = sourcecode.swift; path = ViewController.swift; sourceTree = "<group>"; };
		39444E801FD1AEF00057733B /* Base */ = {isa = PBXFileReference; lastKnownFileType = file.storyboard; name = Base; path = Base.lproj/Main.storyboard; sourceTree = "<group>"; };
		39444E821FD1AEF00057733B /* Assets.xcassets */ = {isa = PBXFileReference; lastKnownFileType = folder.assetcatalog; path = Assets.xcassets; sourceTree = "<group>"; };
		39444E851FD1AEF00057733B /* Base */ = {isa = PBXFileReference; lastKnownFileType = file.storyboard; name = Base; path = Base.lproj/LaunchScreen.storyboard; sourceTree = "<group>"; };
		39444E871FD1AEF00057733B /* Info.plist */ = {isa = PBXFileReference; lastKnownFileType = text.plist.xml; path = Info.plist; sourceTree = "<group>"; };
		39444E8C1FD1AEF10057733B /* JSONTestTests.xctest */ = {isa = PBXFileReference; explicitFileType = wrapper.cfbundle; includeInIndex = 0; path = JSONTestTests.xctest; sourceTree = BUILT_PRODUCTS_DIR; };
		39444E901FD1AEF10057733B /* JSONTestTests.swift */ = {isa = PBXFileReference; lastKnownFileType = sourcecode.swift; path = JSONTestTests.swift; sourceTree = "<group>"; };
		39444E921FD1AEF10057733B /* Info.plist */ = {isa = PBXFileReference; lastKnownFileType = text.plist.xml; path = Info.plist; sourceTree = "<group>"; };
		39444E971FD1AEF10057733B /* JSONTestUITests.xctest */ = {isa = PBXFileReference; explicitFileType = wrapper.cfbundle; includeInIndex = 0; path = JSONTestUITests.xctest; sourceTree = BUILT_PRODUCTS_DIR; };
		39444E9B1FD1AEF10057733B /* JSONTestUITests.swift */ = {isa = PBXFileReference; lastKnownFileType = sourcecode.swift; path = JSONTestUITests.swift; sourceTree = "<group>"; };
		39444E9D1FD1AEF10057733B /* Info.plist */ = {isa = PBXFileReference; lastKnownFileType = text.plist.xml; path = Info.plist; sourceTree = "<group>"; };
/* End PBXFileReference section */

/* Begin PBXFrameworksBuildPhase section */
		39444E751FD1AEF00057733B /* Frameworks */ = {
			isa = PBXFrameworksBuildPhase;
			buildActionMask = 2147483647;
			files = (
			);
			runOnlyForDeploymentPostprocessing = 0;
		};
		39444E891FD1AEF10057733B /* Frameworks */ = {
			isa = PBXFrameworksBuildPhase;
			buildActionMask = 2147483647;
			files = (
			);
			runOnlyForDeploymentPostprocessing = 0;
		};
		39444E941FD1AEF10057733B /* Frameworks */ = {
			isa = PBXFrameworksBuildPhase;
			buildActionMask = 2147483647;
			files = (
			);
			runOnlyForDeploymentPostprocessing = 0;
		};
/* End PBXFrameworksBuildPhase section */

/* Begin PBXGroup section */
		39444E6F1FD1AEF00057733B = {
			isa = PBXGroup;
			children = (
				39444E7A1FD1AEF00057733B /* JSONTest */,
				39444E8F1FD1AEF10057733B /* JSONTestTests */,
				39444E9A1FD1AEF10057733B /* JSONTestUITests */,
				39444E791FD1AEF00057733B /* Products */,
			);
			sourceTree = "<group>";
		};
		39444E791FD1AEF00057733B /* Products */ = {
			isa = PBXGroup;
			children = (
				39444E781FD1AEF00057733B /* JSONTest.app */,
				39444E8C1FD1AEF10057733B /* JSONTestTests.xctest */,
				39444E971FD1AEF10057733B /* JSONTestUITests.xctest */,
			);
			name = Products;
			sourceTree = "<group>";
		};
		39444E7A1FD1AEF00057733B /* JSONTest */ = {
			isa = PBXGroup;
			children = (
				39444E7B1FD1AEF00057733B /* AppDelegate.swift */,
				39444E7D1FD1AEF00057733B /* ViewController.swift */,
				39444E7F1FD1AEF00057733B /* Main.storyboard */,
				39444E821FD1AEF00057733B /* Assets.xcassets */,
				39444E841FD1AEF00057733B /* LaunchScreen.storyboard */,
				39444E871FD1AEF00057733B /* Info.plist */,
			);
			path = JSONTest;
			sourceTree = "<group>";
		};
		39444E8F1FD1AEF10057733B /* JSONTestTests */ = {
			isa = PBXGroup;
			children = (
				39444E901FD1AEF10057733B /* JSONTestTests.swift */,
				39444E921FD1AEF10057733B /* Info.plist */,
			);
			path = JSONTestTests;
			sourceTree = "<group>";
		};
		39444E9A1FD1AEF10057733B /* JSONTestUITests */ = {
			isa = PBXGroup;
			children = (
				39444E9B1FD1AEF10057733B /* JSONTestUITests.swift */,
				39444E9D1FD1AEF10057733B /* Info.plist */,
			);
			path = JSONTestUITests;
			sourceTree = "<group>";
		};
/* End PBXGroup section */

/* Begin PBXNativeTarget section */
		39444E771FD1AEF00057733B /* JSONTest */ = {
			isa = PBXNativeTarget;
			buildConfigurationList = 39444EA01FD1AEF10057733B /* Build configuration list for PBXNativeTarget "JSONTest" */;
			buildPhases = (
				39444E741FD1AEF00057733B /* Sources */,
				39444E751FD1AEF00057733B /* Frameworks */,
				39444E761FD1AEF00057733B /* Resources */,
			);
			buildRules = (
			);
			dependencies = (
			);
			name = JSONTest;
			productName = JSONTest;
			productReference = 39444E781FD1AEF00057733B /* JSONTest.app */;
			productType = "com.apple.product-type.application";
		};
		39444E8B1FD1AEF10057733B /* JSONTestTests */ = {
			isa = PBXNativeTarget;
			buildConfigurationList = 39444EA31FD1AEF10057733B /* Build configuration list for PBXNativeTarget "JSONTestTests" */;
			buildPhases = (
				39444E881FD1AEF10057733B /* Sources */,
				39444E891FD1AEF10057733B /* Frameworks */,
				39444E8A1FD1AEF10057733B /* Resources */,
			);
			buildRules = (
			);
			dependencies = (
				39444E8E1FD1AEF10057733B /* PBXTargetDependency */,
			);
			name = JSONTestTests;
			productName = JSONTestTests;
			productReference = 39444E8C1FD1AEF10057733B /* JSONTestTests.xctest */;
			productType = "com.apple.product-type.bundle.unit-test";
		};
		39444E961FD1AEF10057733B /* JSONTestUITests */ = {
			isa = PBXNativeTarget;
			buildConfigurationList = 39444EA61FD1AEF10057733B /* Build configuration list for PBXNativeTarget "JSONTestUITests" */;
			buildPhases = (
				39444E931FD1AEF10057733B /* Sources */,
				39444E941FD1AEF10057733B /* Frameworks */,
				39444E951FD1AEF10057733B /* Resources */,
			);
			buildRules = (
			);
			dependencies = (
				39444E991FD1AEF10057733B /* PBXTargetDependency */,
			);
			name = JSONTestUITests;
			productName = JSONTestUITests;
			productReference = 39444E971FD1AEF10057733B /* JSONTestUITests.xctest */;
			productType = "com.apple.product-type.bundle.ui-testing";
		};
/* End PBXNativeTarget section */

/* Begin PBXProject section */
		39444E701FD1AEF00057733B /* Project object */ = {
			isa = PBXProject;
			attributes = {
				LastSwiftUpdateCheck = 0910;
				LastUpgradeCheck = 0910;
				ORGANIZATIONNAME = Papla;
				TargetAttributes = {
					39444E771FD1AEF00057733B = {
						CreatedOnToolsVersion = 9.1;
						ProvisioningStyle = Automatic;
					};
					39444E8B1FD1AEF10057733B = {
						CreatedOnToolsVersion = 9.1;
						ProvisioningStyle = Automatic;
						TestTargetID = 39444E771FD1AEF00057733B;
					};
					39444E961FD1AEF10057733B = {
						CreatedOnToolsVersion = 9.1;
						ProvisioningStyle = Automatic;
						TestTargetID = 39444E771FD1AEF00057733B;
					};
				};
			};
			buildConfigurationList = 39444E731FD1AEF00057733B /* Build configuration list for PBXProject "JSONTest" */;
			compatibilityVersion = "Xcode 8.0";
			developmentRegion = en;
			hasScannedForEncodings = 0;
			knownRegions = (
				en,
				Base,
			);
			mainGroup = 39444E6F1FD1AEF00057733B;
			productRefGroup = 39444E791FD1AEF00057733B /* Products */;
			projectDirPath = "";
			projectRoot = "";
			targets = (
				39444E771FD1AEF00057733B /* JSONTest */,
				39444E8B1FD1AEF10057733B /* JSONTestTests */,
				39444E961FD1AEF10057733B /* JSONTestUITests */,
			);
		};
/* End PBXProject section */

/* Begin PBXResourcesBuildPhase section */
		39444E761FD1AEF00057733B /* Resources */ = {
			isa = PBXResourcesBuildPhase;
			buildActionMask = 2147483647;
			files = (
				39444E861FD1AEF00057733B /* LaunchScreen.storyboard in Resources */,
				39444E831FD1AEF00057733B /* Assets.xcassets in Resources */,
				39444E811FD1AEF00057733B /* Main.storyboard in Resources */,
			);
			runOnlyForDeploymentPostprocessing = 0;
		};
		39444E8A1FD1AEF10057733B /* Resources */ = {
			isa = PBXResourcesBuildPhase;
			buildActionMask = 2147483647;
			files = (
			);
			runOnlyForDeploymentPostprocessing = 0;
		};
		39444E951FD1AEF10057733B /* Resources */ = {
			isa = PBXResourcesBuildPhase;
			buildActionMask = 2147483647;
			files = (
			);
			runOnlyForDeploymentPostprocessing = 0;
		};
/* End PBXResourcesBuildPhase section */

/* Begin PBXSourcesBuildPhase section */
		39444E741FD1AEF00057733B /* Sources */ = {
			isa = PBXSourcesBuildPhase;
			buildActionMask = 2147483647;
			files = (
				39444E7E1FD1AEF00057733B /* ViewController.swift in Sources */,
				39444E7C1FD1AEF00057733B /* AppDelegate.swift in Sources */,
			);
			runOnlyForDeploymentPostprocessing = 0;
		};
		39444E881FD1AEF10057733B /* Sources */ = {
			isa = PBXSourcesBuildPhase;
			buildActionMask = 2147483647;
			files = (
				39444E911FD1AEF10057733B /* JSONTestTests.swift in Sources */,
			);
			runOnlyForDeploymentPostprocessing = 0;
		};
		39444E931FD1AEF10057733B /* Sources */ = {
			isa = PBXSourcesBuildPhase;
			buildActionMask = 2147483647;
			files = (
				39444E9C1FD1AEF10057733B /* JSONTestUITests.swift in Sources */,
			);
			runOnlyForDeploymentPostprocessing = 0;
		};
/* End PBXSourcesBuildPhase section */

/* Begin PBXTargetDependency section */
		39444E8E1FD1AEF10057733B /* PBXTargetDependency */ = {
			isa = PBXTargetDependency;
			target = 39444E771FD1AEF00057733B /* JSONTest */;
			targetProxy = 39444E8D1FD1AEF10057733B /* PBXContainerItemProxy */;
		};
		39444E991FD1AEF10057733B /* PBXTargetDependency */ = {
			isa = PBXTargetDependency;
			target = 39444E771FD1AEF00057733B /* JSONTest */;
			targetProxy = 39444E981FD1AEF10057733B /* PBXContainerItemProxy */;
		};
/* End PBXTargetDependency section */

/* Begin PBXVariantGroup section */
		39444E7F1FD1AEF00057733B /* Main.storyboard */ = {
			isa = PBXVariantGroup;
			children = (
				39444E801FD1AEF00057733B /* Base */,
			);
			name = Main.storyboard;
			sourceTree = "<group>";
		};
		39444E841FD1AEF00057733B /* LaunchScreen.storyboard */ = {
			isa = PBXVariantGroup;
			children = (
				39444E851FD1AEF00057733B /* Base */,
			);
			name = LaunchScreen.storyboard;
			sourceTree = "<group>";
		};
/* End PBXVariantGroup section */

/* Begin XCBuildConfiguration section */
		39444E9E1FD1AEF10057733B /* Debug */ = {
			isa = XCBuildConfiguration;
			buildSettings = {
				ALWAYS_SEARCH_USER_PATHS = NO;
				CLANG_ANALYZER_NONNULL = YES;
				CLANG_ANALYZER_NUMBER_OBJECT_CONVERSION = YES_AGGRESSIVE;
				CLANG_CXX_LANGUAGE_STANDARD = "gnu++14";
				CLANG_CXX_LIBRARY = "libc++";
				CLANG_ENABLE_MODULES = YES;
				CLANG_ENABLE_OBJC_ARC = YES;
				CLANG_WARN_BLOCK_CAPTURE_AUTORELEASING = YES;
				CLANG_WARN_BOOL_CONVERSION = YES;
				CLANG_WARN_COMMA = YES;
				CLANG_WARN_CONSTANT_CONVERSION = YES;
				CLANG_WARN_DIRECT_OBJC_ISA_USAGE = YES_ERROR;
				CLANG_WARN_DOCUMENTATION_COMMENTS = YES;
				CLANG_WARN_EMPTY_BODY = YES;
				CLANG_WARN_ENUM_CONVERSION = YES;
				CLANG_WARN_INFINITE_RECURSION = YES;
				CLANG_WARN_INT_CONVERSION = YES;
				CLANG_WARN_NON_LITERAL_NULL_CONVERSION = YES;
				CLANG_WARN_OBJC_LITERAL_CONVERSION = YES;
				CLANG_WARN_OBJC_ROOT_CLASS = YES_ERROR;
				CLANG_WARN_RANGE_LOOP_ANALYSIS = YES;
				CLANG_WARN_STRICT_PROTOTYPES = YES;
				CLANG_WARN_SUSPICIOUS_MOVE = YES;
				CLANG_WARN_UNGUARDED_AVAILABILITY = YES_AGGRESSIVE;
				CLANG_WARN_UNREACHABLE_CODE = YES;
				CLANG_WARN__DUPLICATE_METHOD_MATCH = YES;
				CODE_SIGN_IDENTITY = "iPhone Developer";
				COPY_PHASE_STRIP = NO;
				DEBUG_INFORMATION_FORMAT = dwarf;
				ENABLE_STRICT_OBJC_MSGSEND = YES;
				ENABLE_TESTABILITY = YES;
				GCC_C_LANGUAGE_STANDARD = gnu11;
				GCC_DYNAMIC_NO_PIC = NO;
				GCC_NO_COMMON_BLOCKS = YES;
				GCC_OPTIMIZATION_LEVEL = 0;
				GCC_PREPROCESSOR_DEFINITIONS = (
					"DEBUG=1",
					"$(inherited)",
				);
				GCC_WARN_64_TO_32_BIT_CONVERSION = YES;
				GCC_WARN_ABOUT_RETURN_TYPE = YES_ERROR;
				GCC_WARN_UNDECLARED_SELECTOR = YES;
				GCC_WARN_UNINITIALIZED_AUTOS = YES_AGGRESSIVE;
				GCC_WARN_UNUSED_FUNCTION = YES;
				GCC_WARN_UNUSED_VARIABLE = YES;
				IPHONEOS_DEPLOYMENT_TARGET = 11.1;
				MTL_ENABLE_DEBUG_INFO = YES;
				ONLY_ACTIVE_ARCH = YES;
				SDKROOT = iphoneos;
				SWIFT_ACTIVE_COMPILATION_CONDITIONS = DEBUG;
				SWIFT_OPTIMIZATION_LEVEL = "-Onone";
			};
			name = Debug;
		};
		39444E9F1FD1AEF10057733B /* Release */ = {
			isa = XCBuildConfiguration;
			buildSettings = {
				ALWAYS_SEARCH_USER_PATHS = NO;
				CLANG_ANALYZER_NONNULL = YES;
				CLANG_ANALYZER_NUMBER_OBJECT_CONVERSION = YES_AGGRESSIVE;
				CLANG_CXX_LANGUAGE_STANDARD = "gnu++14";
				CLANG_CXX_LIBRARY = "libc++";
				CLANG_ENABLE_MODULES = YES;
				CLANG_ENABLE_OBJC_ARC = YES;
				CLANG_WARN_BLOCK_CAPTURE_AUTORELEASING = YES;
				CLANG_WARN_BOOL_CONVERSION = YES;
				CLANG_WARN_COMMA = YES;
				CLANG_WARN_CONSTANT_CONVERSION = YES;
				CLANG_WARN_DIRECT_OBJC_ISA_USAGE = YES_ERROR;
				CLANG_WARN_DOCUMENTATION_COMMENTS = YES;
				CLANG_WARN_EMPTY_BODY = YES;
				CLANG_WARN_ENUM_CONVERSION = YES;
				CLANG_WARN_INFINITE_RECURSION = YES;
				CLANG_WARN_INT_CONVERSION = YES;
				CLANG_WARN_NON_LITERAL_NULL_CONVERSION = YES;
				CLANG_WARN_OBJC_LITERAL_CONVERSION = YES;
				CLANG_WARN_OBJC_ROOT_CLASS = YES_ERROR;
				CLANG_WARN_RANGE_LOOP_ANALYSIS = YES;
				CLANG_WARN_STRICT_PROTOTYPES = YES;
				CLANG_WARN_SUSPICIOUS_MOVE = YES;
				CLANG_WARN_UNGUARDED_AVAILABILITY = YES_AGGRESSIVE;
				CLANG_WARN_UNREACHABLE_CODE = YES;
				CLANG_WARN__DUPLICATE_METHOD_MATCH = YES;
				CODE_SIGN_IDENTITY = "iPhone Developer";
				COPY_PHASE_STRIP = NO;
				DEBUG_INFORMATION_FORMAT = "dwarf-with-dsym";
				ENABLE_NS_ASSERTIONS = NO;
				ENABLE_STRICT_OBJC_MSGSEND = YES;
				GCC_C_LANGUAGE_STANDARD = gnu11;
				GCC_NO_COMMON_BLOCKS = YES;
				GCC_WARN_64_TO_32_BIT_CONVERSION = YES;
				GCC_WARN_ABOUT_RETURN_TYPE = YES_ERROR;
				GCC_WARN_UNDECLARED_SELECTOR = YES;
				GCC_WARN_UNINITIALIZED_AUTOS = YES_AGGRESSIVE;
				GCC_WARN_UNUSED_FUNCTION = YES;
				GCC_WARN_UNUSED_VARIABLE = YES;
				IPHONEOS_DEPLOYMENT_TARGET = 11.1;
				MTL_ENABLE_DEBUG_INFO = NO;
				SDKROOT = iphoneos;
				SWIFT_OPTIMIZATION_LEVEL = "-Owholemodule";
				VALIDATE_PRODUCT = YES;
			};
			name = Release;
		};
		39444EA11FD1AEF10057733B /* Debug */ = {
			isa = XCBuildConfiguration;
			buildSettings = {
				ASSETCATALOG_COMPILER_APPICON_NAME = AppIcon;
				CODE_SIGN_STYLE = Automatic;
				DEVELOPMENT_TEAM = FS47XE65TA;
				INFOPLIST_FILE = JSONTest/Info.plist;
				LD_RUNPATH_SEARCH_PATHS = "$(inherited) @executable_path/Frameworks";
				PRODUCT_BUNDLE_IDENTIFIER = de.dleunig.JSONTest;
				PRODUCT_NAME = "$(TARGET_NAME)";
				SWIFT_VERSION = 4.0;
				TARGETED_DEVICE_FAMILY = "1,2";
			};
			name = Debug;
		};
		39444EA21FD1AEF10057733B /* Release */ = {
			isa = XCBuildConfiguration;
			buildSettings = {
				ASSETCATALOG_COMPILER_APPICON_NAME = AppIcon;
				CODE_SIGN_STYLE = Automatic;
				DEVELOPMENT_TEAM = FS47XE65TA;
				INFOPLIST_FILE = JSONTest/Info.plist;
				LD_RUNPATH_SEARCH_PATHS = "$(inherited) @executable_path/Frameworks";
				PRODUCT_BUNDLE_IDENTIFIER = de.dleunig.JSONTest;
				PRODUCT_NAME = "$(TARGET_NAME)";
				SWIFT_VERSION = 4.0;
				TARGETED_DEVICE_FAMILY = "1,2";
			};
			name = Release;
		};
		39444EA41FD1AEF10057733B /* Debug */ = {
			isa = XCBuildConfiguration;
			buildSettings = {
				ALWAYS_EMBED_SWIFT_STANDARD_LIBRARIES = YES;
				BUNDLE_LOADER = "$(TEST_HOST)";
				CODE_SIGN_STYLE = Automatic;
				DEVELOPMENT_TEAM = FS47XE65TA;
				INFOPLIST_FILE = JSONTestTests/Info.plist;
				LD_RUNPATH_SEARCH_PATHS = "$(inherited) @executable_path/Frameworks @loader_path/Frameworks";
				PRODUCT_BUNDLE_IDENTIFIER = de.dleunig.JSONTestTests;
				PRODUCT_NAME = "$(TARGET_NAME)";
				SWIFT_VERSION = 4.0;
				TARGETED_DEVICE_FAMILY = "1,2";
				TEST_HOST = "$(BUILT_PRODUCTS_DIR)/JSONTest.app/JSONTest";
			};
			name = Debug;
		};
		39444EA51FD1AEF10057733B /* Release */ = {
			isa = XCBuildConfiguration;
			buildSettings = {
				ALWAYS_EMBED_SWIFT_STANDARD_LIBRARIES = YES;
				BUNDLE_LOADER = "$(TEST_HOST)";
				CODE_SIGN_STYLE = Automatic;
				DEVELOPMENT_TEAM = FS47XE65TA;
				INFOPLIST_FILE = JSONTestTests/Info.plist;
				LD_RUNPATH_SEARCH_PATHS = "$(inherited) @executable_path/Frameworks @loader_path/Frameworks";
				PRODUCT_BUNDLE_IDENTIFIER = de.dleunig.JSONTestTests;
				PRODUCT_NAME = "$(TARGET_NAME)";
				SWIFT_VERSION = 4.0;
				TARGETED_DEVICE_FAMILY = "1,2";
				TEST_HOST = "$(BUILT_PRODUCTS_DIR)/JSONTest.app/JSONTest";
			};
			name = Release;
		};
		39444EA71FD1AEF10057733B /* Debug */ = {
			isa = XCBuildConfiguration;
			buildSettings = {
				ALWAYS_EMBED_SWIFT_STANDARD_LIBRARIES = YES;
				CODE_SIGN_STYLE = Automatic;
				DEVELOPMENT_TEAM = FS47XE65TA;
				INFOPLIST_FILE = JSONTestUITests/Info.plist;
				LD_RUNPATH_SEARCH_PATHS = "$(inherited) @executable_path/Frameworks @loader_path/Frameworks";
				PRODUCT_BUNDLE_IDENTIFIER = de.dleunig.JSONTestUITests;
				PRODUCT_NAME = "$(TARGET_NAME)";
				SWIFT_VERSION = 4.0;
				TARGETED_DEVICE_FAMILY = "1,2";
				TEST_TARGET_NAME = JSONTest;
			};
			name = Debug;
		};
		39444EA81FD1AEF10057733B /* Release */ = {
			isa = XCBuildConfiguration;
			buildSettings = {
				ALWAYS_EMBED_SWIFT_STANDARD_LIBRARIES = YES;
				CODE_SIGN_STYLE = Automatic;
				DEVELOPMENT_TEAM = FS47XE65TA;
				INFOPLIST_FILE = JSONTestUITests/Info.plist;
				LD_RUNPATH_SEARCH_PATHS = "$(inherited) @executable_path/Frameworks @loader_path/Frameworks";
				PRODUCT_BUNDLE_IDENTIFIER = de.dleunig.JSONTestUITests;
				PRODUCT_NAME = "$(TARGET_NAME)";
				SWIFT_VERSION = 4.0;
				TARGETED_DEVICE_FAMILY = "1,2";
				TEST_TARGET_NAME = JSONTest;
			};
			name = Release;
		};
/* End XCBuildConfiguration section */

/* Begin XCConfigurationList section */
		39444E731FD1AEF00057733B /* Build configuration list for PBXProject "JSONTest" */ = {
			isa = XCConfigurationList;
			buildConfigurations = (
				39444E9E1FD1AEF10057733B /* Debug */,
				39444E9F1FD1AEF10057733B /* Release */,
			);
			defaultConfigurationIsVisible = 0;
			defaultConfigurationName = Release;
		};
		39444EA01FD1AEF10057733B /* Build configuration list for PBXNativeTarget "JSONTest" */ = {
			isa = XCConfigurationList;
			buildConfigurations = (
				39444EA11FD1AEF10057733B /* Debug */,
				39444EA21FD1AEF10057733B /* Release */,
			);
			defaultConfigurationIsVisible = 0;
			defaultConfigurationName = Release;
		};
		39444EA31FD1AEF10057733B /* Build configuration list for PBXNativeTarget "JSONTestTests" */ = {
			isa = XCConfigurationList;
			buildConfigurations = (
				39444EA41FD1AEF10057733B /* Debug */,
				39444EA51FD1AEF10057733B /* Release */,
			);
			defaultConfigurationIsVisible = 0;
			defaultConfigurationName = Release;
		};
		39444EA61FD1AEF10057733B /* Build configuration list for PBXNativeTarget "JSONTestUITests" */ = {
			isa = XCConfigurationList;
			buildConfigurations = (
				39444EA71FD1AEF10057733B /* Debug */,
				39444EA81FD1AEF10057733B /* Release */,
			);
			defaultConfigurationIsVisible = 0;
			defaultConfigurationName = Release;
		};
/* End XCConfigurationList section */
	};
	rootObject = 39444E701FD1AEF00057733B /* Project object */;
}
